// !$*UTF8*$!
{
	archiveVersion = 1;
	classes = {
	};
	objectVersion = 46;
	objects = {

/* Begin PBXBuildFile section */
		490C8AA81929EB5D000E396E /* SlideNavigationTableViewController.m in Sources */ = {isa = PBXBuildFile; fileRef = 490C8AA71929EB5D000E396E /* SlideNavigationTableViewController.m */; };
		490C8AAB1929EC74000E396E /* TabViewController.m in Sources */ = {isa = PBXBuildFile; fileRef = 490C8AAA1929EC74000E396E /* TabViewController.m */; };
		490C8AAE1929F62F000E396E /* RegisterViewController.m in Sources */ = {isa = PBXBuildFile; fileRef = 490C8AAD1929F62F000E396E /* RegisterViewController.m */; };
		490C8AB4192AB74D000E396E /* Parse.framework in Frameworks */ = {isa = PBXBuildFile; fileRef = 490C8AB3192AB74D000E396E /* Parse.framework */; };
		490C8AB6192AB76F000E396E /* AudioToolbox.framework in Frameworks */ = {isa = PBXBuildFile; fileRef = 490C8AB5192AB76F000E396E /* AudioToolbox.framework */; };
		490C8AB8192AB775000E396E /* CFNetwork.framework in Frameworks */ = {isa = PBXBuildFile; fileRef = 490C8AB7192AB775000E396E /* CFNetwork.framework */; };
		490C8ABA192AB780000E396E /* CoreLocation.framework in Frameworks */ = {isa = PBXBuildFile; fileRef = 490C8AB9192AB780000E396E /* CoreLocation.framework */; };
		490C8ABC192AB788000E396E /* libz.dylib in Frameworks */ = {isa = PBXBuildFile; fileRef = 490C8ABB192AB788000E396E /* libz.dylib */; };
		490C8ABE192AB78E000E396E /* MobileCoreServices.framework in Frameworks */ = {isa = PBXBuildFile; fileRef = 490C8ABD192AB78E000E396E /* MobileCoreServices.framework */; };
		490C8AC0192AB795000E396E /* QuartzCore.framework in Frameworks */ = {isa = PBXBuildFile; fileRef = 490C8ABF192AB795000E396E /* QuartzCore.framework */; };
		490C8AC2192AB79B000E396E /* Security.framework in Frameworks */ = {isa = PBXBuildFile; fileRef = 490C8AC1192AB79B000E396E /* Security.framework */; };
		490C8AC4192AB7A1000E396E /* StoreKit.framework in Frameworks */ = {isa = PBXBuildFile; fileRef = 490C8AC3192AB7A1000E396E /* StoreKit.framework */; };
		490C8AC6192AB7A8000E396E /* SystemConfiguration.framework in Frameworks */ = {isa = PBXBuildFile; fileRef = 490C8AC5192AB7A8000E396E /* SystemConfiguration.framework */; };
		491678671953D6CD0077D222 /* blank-avatar.jpg in Resources */ = {isa = PBXBuildFile; fileRef = 491678661953D6CD0077D222 /* blank-avatar.jpg */; };
		4916786D1953D8730077D222 /* ProfileViewController.m in Sources */ = {isa = PBXBuildFile; fileRef = 4916786C1953D8730077D222 /* ProfileViewController.m */; };
		491678D51953E59F0077D222 /* SWRevealViewController.m in Sources */ = {isa = PBXBuildFile; fileRef = 491678D41953E59F0077D222 /* SWRevealViewController.m */; };
		491678DA1953EAB20077D222 /* MainNavigationViewController.m in Sources */ = {isa = PBXBuildFile; fileRef = 491678D91953EAB20077D222 /* MainNavigationViewController.m */; };
		491678DD19540A1C0077D222 /* WallViewController.m in Sources */ = {isa = PBXBuildFile; fileRef = 491678DC19540A1C0077D222 /* WallViewController.m */; };
		491C8FBE192981B6008EEDA4 /* GetStartedViewController.m in Sources */ = {isa = PBXBuildFile; fileRef = 491C8FBD192981B6008EEDA4 /* GetStartedViewController.m */; };
		494C0A7F19541B1700D2A76B /* MyProfileViewController.m in Sources */ = {isa = PBXBuildFile; fileRef = 494C0A7E19541B1700D2A76B /* MyProfileViewController.m */; };
		494C0A8219541B4100D2A76B /* MyAccountViewController.m in Sources */ = {isa = PBXBuildFile; fileRef = 494C0A8119541B4100D2A76B /* MyAccountViewController.m */; };
		494C0A8519541BFA00D2A76B /* InvitesViewController.m in Sources */ = {isa = PBXBuildFile; fileRef = 494C0A8419541BFA00D2A76B /* InvitesViewController.m */; };
		494C0A8719541F8F00D2A76B /* profile.png in Resources */ = {isa = PBXBuildFile; fileRef = 494C0A8619541F8F00D2A76B /* profile.png */; };
		494F1FA5194D753400633371 /* login-background.png in Resources */ = {isa = PBXBuildFile; fileRef = 494F1FA4194D753400633371 /* login-background.png */; };
		495CED871929513E00315CF7 /* Foundation.framework in Frameworks */ = {isa = PBXBuildFile; fileRef = 495CED861929513E00315CF7 /* Foundation.framework */; };
		495CED891929513E00315CF7 /* CoreGraphics.framework in Frameworks */ = {isa = PBXBuildFile; fileRef = 495CED881929513E00315CF7 /* CoreGraphics.framework */; };
		495CED8B1929513E00315CF7 /* UIKit.framework in Frameworks */ = {isa = PBXBuildFile; fileRef = 495CED8A1929513E00315CF7 /* UIKit.framework */; };
		495CED911929513E00315CF7 /* InfoPlist.strings in Resources */ = {isa = PBXBuildFile; fileRef = 495CED8F1929513E00315CF7 /* InfoPlist.strings */; };
		495CED931929513E00315CF7 /* main.m in Sources */ = {isa = PBXBuildFile; fileRef = 495CED921929513E00315CF7 /* main.m */; };
		495CED971929513E00315CF7 /* AppDelegate.m in Sources */ = {isa = PBXBuildFile; fileRef = 495CED961929513E00315CF7 /* AppDelegate.m */; };
		495CED9A1929513F00315CF7 /* Main.storyboard in Resources */ = {isa = PBXBuildFile; fileRef = 495CED981929513F00315CF7 /* Main.storyboard */; };
		495CED9D1929513F00315CF7 /* LoginViewController.m in Sources */ = {isa = PBXBuildFile; fileRef = 495CED9C1929513F00315CF7 /* LoginViewController.m */; };
		495CED9F1929513F00315CF7 /* Images.xcassets in Resources */ = {isa = PBXBuildFile; fileRef = 495CED9E1929513F00315CF7 /* Images.xcassets */; };
		495CEDA61929513F00315CF7 /* XCTest.framework in Frameworks */ = {isa = PBXBuildFile; fileRef = 495CEDA51929513F00315CF7 /* XCTest.framework */; };
		495CEDA71929513F00315CF7 /* Foundation.framework in Frameworks */ = {isa = PBXBuildFile; fileRef = 495CED861929513E00315CF7 /* Foundation.framework */; };
		495CEDA81929513F00315CF7 /* UIKit.framework in Frameworks */ = {isa = PBXBuildFile; fileRef = 495CED8A1929513E00315CF7 /* UIKit.framework */; };
		495CEDB01929513F00315CF7 /* InfoPlist.strings in Resources */ = {isa = PBXBuildFile; fileRef = 495CEDAE1929513F00315CF7 /* InfoPlist.strings */; };
		495CEDB21929513F00315CF7 /* ChronospectTests.m in Sources */ = {isa = PBXBuildFile; fileRef = 495CEDB11929513F00315CF7 /* ChronospectTests.m */; };
		495CEDD019295FF200315CF7 /* chronospect.png in Resources */ = {isa = PBXBuildFile; fileRef = 495CEDCF19295FF200315CF7 /* chronospect.png */; };
		498191D31950FF74002FDEA6 /* FindFriendsTableViewController.m in Sources */ = {isa = PBXBuildFile; fileRef = 498191D21950FF74002FDEA6 /* FindFriendsTableViewController.m */; };
		498191D61951033A002FDEA6 /* FriendCell.m in Sources */ = {isa = PBXBuildFile; fileRef = 498191D51951033A002FDEA6 /* FriendCell.m */; };
		499B42D41954271D000EC20A /* chat.png in Resources */ = {isa = PBXBuildFile; fileRef = 499B42D31954271D000EC20A /* chat.png */; };
		499B42D8195512C2000EC20A /* MessagingViewController.m in Sources */ = {isa = PBXBuildFile; fileRef = 499B42D7195512C2000EC20A /* MessagingViewController.m */; };
		499B42DB195512E1000EC20A /* MessagingTableViewCell.m in Sources */ = {isa = PBXBuildFile; fileRef = 499B42DA195512E1000EC20A /* MessagingTableViewCell.m */; };
		49A22DCD193ECBD4007DF3B3 /* PostDescriptionViewController.m in Sources */ = {isa = PBXBuildFile; fileRef = 49A22DCC193ECBD4007DF3B3 /* PostDescriptionViewController.m */; };
		49A22DCF193ECEB9007DF3B3 /* GoogleMaps.framework in Frameworks */ = {isa = PBXBuildFile; fileRef = 49A22DCE193ECEB9007DF3B3 /* GoogleMaps.framework */; };
		49A22DD6193ECF34007DF3B3 /* GoogleMaps.bundle in Resources */ = {isa = PBXBuildFile; fileRef = 49A22DD5193ECF34007DF3B3 /* GoogleMaps.bundle */; };
		49A22DD8193ECF52007DF3B3 /* AVFoundation.framework in Frameworks */ = {isa = PBXBuildFile; fileRef = 49A22DD7193ECF52007DF3B3 /* AVFoundation.framework */; };
		49A22DDA193ECF59007DF3B3 /* CoreData.framework in Frameworks */ = {isa = PBXBuildFile; fileRef = 49A22DD9193ECF59007DF3B3 /* CoreData.framework */; };
		49A22DDC193ECF63007DF3B3 /* CoreText.framework in Frameworks */ = {isa = PBXBuildFile; fileRef = 49A22DDB193ECF63007DF3B3 /* CoreText.framework */; };
		49A22DDE193ECF6B007DF3B3 /* GLKit.framework in Frameworks */ = {isa = PBXBuildFile; fileRef = 49A22DDD193ECF6B007DF3B3 /* GLKit.framework */; };
		49A22DE0193ECF75007DF3B3 /* ImageIO.framework in Frameworks */ = {isa = PBXBuildFile; fileRef = 49A22DDF193ECF75007DF3B3 /* ImageIO.framework */; };
		49A22DE2193ECF7E007DF3B3 /* libc++.dylib in Frameworks */ = {isa = PBXBuildFile; fileRef = 49A22DE1193ECF7E007DF3B3 /* libc++.dylib */; };
		49A22DE4193ECF91007DF3B3 /* libicucore.dylib in Frameworks */ = {isa = PBXBuildFile; fileRef = 49A22DE3193ECF91007DF3B3 /* libicucore.dylib */; };
		49A22DE6193ECF9A007DF3B3 /* OpenGLES.framework in Frameworks */ = {isa = PBXBuildFile; fileRef = 49A22DE5193ECF9A007DF3B3 /* OpenGLES.framework */; };
		49A22DE9193ED018007DF3B3 /* PostLocationViewController.m in Sources */ = {isa = PBXBuildFile; fileRef = 49A22DE8193ED018007DF3B3 /* PostLocationViewController.m */; };
		49A22DED193ED315007DF3B3 /* FacebookSDK.framework in Frameworks */ = {isa = PBXBuildFile; fileRef = 49A22DEC193ED315007DF3B3 /* FacebookSDK.framework */; };
		49A22DEF193ED34A007DF3B3 /* Social.framework in Frameworks */ = {isa = PBXBuildFile; fileRef = 49A22DEE193ED34A007DF3B3 /* Social.framework */; };
		49B81F2119316E48005265E7 /* logout.png in Resources */ = {isa = PBXBuildFile; fileRef = 49B81F2019316E48005265E7 /* logout.png */; };
		49B81F2719316F36005265E7 /* invites.png in Resources */ = {isa = PBXBuildFile; fileRef = 49B81F2619316F36005265E7 /* invites.png */; };
		49B81F2919316F5F005265E7 /* info.png in Resources */ = {isa = PBXBuildFile; fileRef = 49B81F2819316F5F005265E7 /* info.png */; };
		49B81F2B19316FC2005265E7 /* wall.png in Resources */ = {isa = PBXBuildFile; fileRef = 49B81F2A19316FC2005265E7 /* wall.png */; };
		49B81F2D19316FF1005265E7 /* friends.png in Resources */ = {isa = PBXBuildFile; fileRef = 49B81F2C19316FF1005265E7 /* friends.png */; };
		49B81F2F19317000005265E7 /* account.png in Resources */ = {isa = PBXBuildFile; fileRef = 49B81F2E19317000005265E7 /* account.png */; };
		49CEFC8E192E7CEC000C91B8 /* SlideNavigationTableViewCell.m in Sources */ = {isa = PBXBuildFile; fileRef = 49CEFC8D192E7CEC000C91B8 /* SlideNavigationTableViewCell.m */; };
		49DD094B19540EF90066160F /* menu-old.png in Resources */ = {isa = PBXBuildFile; fileRef = 49DD094A19540EF90066160F /* menu-old.png */; };
		49DD094E19540F2F0066160F /* menu.png in Resources */ = {isa = PBXBuildFile; fileRef = 49DD094C19540F2F0066160F /* menu.png */; };
		49DD094F19540F2F0066160F /* menu@2x.png in Resources */ = {isa = PBXBuildFile; fileRef = 49DD094D19540F2F0066160F /* menu@2x.png */; };
/* End PBXBuildFile section */

/* Begin PBXContainerItemProxy section */
		495CEDA91929513F00315CF7 /* PBXContainerItemProxy */ = {
			isa = PBXContainerItemProxy;
			containerPortal = 495CED7B1929513E00315CF7 /* Project object */;
			proxyType = 1;
			remoteGlobalIDString = 495CED821929513E00315CF7;
			remoteInfo = Chronospect;
		};
/* End PBXContainerItemProxy section */

/* Begin PBXFileReference section */
		490C8AA61929EB5D000E396E /* SlideNavigationTableViewController.h */ = {isa = PBXFileReference; fileEncoding = 4; lastKnownFileType = sourcecode.c.h; path = SlideNavigationTableViewController.h; sourceTree = "<group>"; };
		490C8AA71929EB5D000E396E /* SlideNavigationTableViewController.m */ = {isa = PBXFileReference; fileEncoding = 4; lastKnownFileType = sourcecode.c.objc; path = SlideNavigationTableViewController.m; sourceTree = "<group>"; };
		490C8AA91929EC74000E396E /* TabViewController.h */ = {isa = PBXFileReference; fileEncoding = 4; lastKnownFileType = sourcecode.c.h; path = TabViewController.h; sourceTree = "<group>"; };
		490C8AAA1929EC74000E396E /* TabViewController.m */ = {isa = PBXFileReference; fileEncoding = 4; lastKnownFileType = sourcecode.c.objc; path = TabViewController.m; sourceTree = "<group>"; };
		490C8AAC1929F62F000E396E /* RegisterViewController.h */ = {isa = PBXFileReference; fileEncoding = 4; lastKnownFileType = sourcecode.c.h; path = RegisterViewController.h; sourceTree = "<group>"; };
		490C8AAD1929F62F000E396E /* RegisterViewController.m */ = {isa = PBXFileReference; fileEncoding = 4; lastKnownFileType = sourcecode.c.objc; path = RegisterViewController.m; sourceTree = "<group>"; };
		490C8AB3192AB74D000E396E /* Parse.framework */ = {isa = PBXFileReference; lastKnownFileType = wrapper.framework; path = Parse.framework; sourceTree = "<group>"; };
		490C8AB5192AB76F000E396E /* AudioToolbox.framework */ = {isa = PBXFileReference; lastKnownFileType = wrapper.framework; name = AudioToolbox.framework; path = System/Library/Frameworks/AudioToolbox.framework; sourceTree = SDKROOT; };
		490C8AB7192AB775000E396E /* CFNetwork.framework */ = {isa = PBXFileReference; lastKnownFileType = wrapper.framework; name = CFNetwork.framework; path = System/Library/Frameworks/CFNetwork.framework; sourceTree = SDKROOT; };
		490C8AB9192AB780000E396E /* CoreLocation.framework */ = {isa = PBXFileReference; lastKnownFileType = wrapper.framework; name = CoreLocation.framework; path = System/Library/Frameworks/CoreLocation.framework; sourceTree = SDKROOT; };
		490C8ABB192AB788000E396E /* libz.dylib */ = {isa = PBXFileReference; lastKnownFileType = "compiled.mach-o.dylib"; name = libz.dylib; path = usr/lib/libz.dylib; sourceTree = SDKROOT; };
		490C8ABD192AB78E000E396E /* MobileCoreServices.framework */ = {isa = PBXFileReference; lastKnownFileType = wrapper.framework; name = MobileCoreServices.framework; path = System/Library/Frameworks/MobileCoreServices.framework; sourceTree = SDKROOT; };
		490C8ABF192AB795000E396E /* QuartzCore.framework */ = {isa = PBXFileReference; lastKnownFileType = wrapper.framework; name = QuartzCore.framework; path = System/Library/Frameworks/QuartzCore.framework; sourceTree = SDKROOT; };
		490C8AC1192AB79B000E396E /* Security.framework */ = {isa = PBXFileReference; lastKnownFileType = wrapper.framework; name = Security.framework; path = System/Library/Frameworks/Security.framework; sourceTree = SDKROOT; };
		490C8AC3192AB7A1000E396E /* StoreKit.framework */ = {isa = PBXFileReference; lastKnownFileType = wrapper.framework; name = StoreKit.framework; path = System/Library/Frameworks/StoreKit.framework; sourceTree = SDKROOT; };
		490C8AC5192AB7A8000E396E /* SystemConfiguration.framework */ = {isa = PBXFileReference; lastKnownFileType = wrapper.framework; name = SystemConfiguration.framework; path = System/Library/Frameworks/SystemConfiguration.framework; sourceTree = SDKROOT; };
		491678661953D6CD0077D222 /* blank-avatar.jpg */ = {isa = PBXFileReference; lastKnownFileType = image.jpeg; path = "blank-avatar.jpg"; sourceTree = "<group>"; };
		4916786B1953D8730077D222 /* ProfileViewController.h */ = {isa = PBXFileReference; fileEncoding = 4; lastKnownFileType = sourcecode.c.h; path = ProfileViewController.h; sourceTree = "<group>"; };
		4916786C1953D8730077D222 /* ProfileViewController.m */ = {isa = PBXFileReference; fileEncoding = 4; lastKnownFileType = sourcecode.c.objc; path = ProfileViewController.m; sourceTree = "<group>"; };
		491678D31953E59F0077D222 /* SWRevealViewController.h */ = {isa = PBXFileReference; fileEncoding = 4; lastKnownFileType = sourcecode.c.h; path = SWRevealViewController.h; sourceTree = "<group>"; };
		491678D41953E59F0077D222 /* SWRevealViewController.m */ = {isa = PBXFileReference; fileEncoding = 4; lastKnownFileType = sourcecode.c.objc; path = SWRevealViewController.m; sourceTree = "<group>"; };
		491678D81953EAB20077D222 /* MainNavigationViewController.h */ = {isa = PBXFileReference; fileEncoding = 4; lastKnownFileType = sourcecode.c.h; path = MainNavigationViewController.h; sourceTree = "<group>"; };
		491678D91953EAB20077D222 /* MainNavigationViewController.m */ = {isa = PBXFileReference; fileEncoding = 4; lastKnownFileType = sourcecode.c.objc; path = MainNavigationViewController.m; sourceTree = "<group>"; };
		491678DB19540A1C0077D222 /* WallViewController.h */ = {isa = PBXFileReference; fileEncoding = 4; lastKnownFileType = sourcecode.c.h; path = WallViewController.h; sourceTree = "<group>"; };
		491678DC19540A1C0077D222 /* WallViewController.m */ = {isa = PBXFileReference; fileEncoding = 4; lastKnownFileType = sourcecode.c.objc; path = WallViewController.m; sourceTree = "<group>"; };
		491C8FBC192981B6008EEDA4 /* GetStartedViewController.h */ = {isa = PBXFileReference; fileEncoding = 4; lastKnownFileType = sourcecode.c.h; path = GetStartedViewController.h; sourceTree = "<group>"; };
		491C8FBD192981B6008EEDA4 /* GetStartedViewController.m */ = {isa = PBXFileReference; fileEncoding = 4; lastKnownFileType = sourcecode.c.objc; path = GetStartedViewController.m; sourceTree = "<group>"; };
		494C0A7D19541B1700D2A76B /* MyProfileViewController.h */ = {isa = PBXFileReference; fileEncoding = 4; lastKnownFileType = sourcecode.c.h; path = MyProfileViewController.h; sourceTree = "<group>"; };
		494C0A7E19541B1700D2A76B /* MyProfileViewController.m */ = {isa = PBXFileReference; fileEncoding = 4; lastKnownFileType = sourcecode.c.objc; path = MyProfileViewController.m; sourceTree = "<group>"; };
		494C0A8019541B4100D2A76B /* MyAccountViewController.h */ = {isa = PBXFileReference; fileEncoding = 4; lastKnownFileType = sourcecode.c.h; path = MyAccountViewController.h; sourceTree = "<group>"; };
		494C0A8119541B4100D2A76B /* MyAccountViewController.m */ = {isa = PBXFileReference; fileEncoding = 4; lastKnownFileType = sourcecode.c.objc; path = MyAccountViewController.m; sourceTree = "<group>"; };
		494C0A8319541BFA00D2A76B /* InvitesViewController.h */ = {isa = PBXFileReference; fileEncoding = 4; lastKnownFileType = sourcecode.c.h; path = InvitesViewController.h; sourceTree = "<group>"; };
		494C0A8419541BFA00D2A76B /* InvitesViewController.m */ = {isa = PBXFileReference; fileEncoding = 4; lastKnownFileType = sourcecode.c.objc; path = InvitesViewController.m; sourceTree = "<group>"; };
		494C0A8619541F8F00D2A76B /* profile.png */ = {isa = PBXFileReference; lastKnownFileType = image.png; path = profile.png; sourceTree = "<group>"; };
		494F1FA4194D753400633371 /* login-background.png */ = {isa = PBXFileReference; lastKnownFileType = image.png; path = "login-background.png"; sourceTree = "<group>"; };
		495CED831929513E00315CF7 /* Chronospect.app */ = {isa = PBXFileReference; explicitFileType = wrapper.application; includeInIndex = 0; path = Chronospect.app; sourceTree = BUILT_PRODUCTS_DIR; };
		495CED861929513E00315CF7 /* Foundation.framework */ = {isa = PBXFileReference; lastKnownFileType = wrapper.framework; name = Foundation.framework; path = System/Library/Frameworks/Foundation.framework; sourceTree = SDKROOT; };
		495CED881929513E00315CF7 /* CoreGraphics.framework */ = {isa = PBXFileReference; lastKnownFileType = wrapper.framework; name = CoreGraphics.framework; path = System/Library/Frameworks/CoreGraphics.framework; sourceTree = SDKROOT; };
		495CED8A1929513E00315CF7 /* UIKit.framework */ = {isa = PBXFileReference; lastKnownFileType = wrapper.framework; name = UIKit.framework; path = System/Library/Frameworks/UIKit.framework; sourceTree = SDKROOT; };
		495CED8E1929513E00315CF7 /* Chronospect-Info.plist */ = {isa = PBXFileReference; lastKnownFileType = text.plist.xml; path = "Chronospect-Info.plist"; sourceTree = "<group>"; };
		495CED901929513E00315CF7 /* en */ = {isa = PBXFileReference; lastKnownFileType = text.plist.strings; name = en; path = en.lproj/InfoPlist.strings; sourceTree = "<group>"; };
		495CED921929513E00315CF7 /* main.m */ = {isa = PBXFileReference; lastKnownFileType = sourcecode.c.objc; path = main.m; sourceTree = "<group>"; };
		495CED941929513E00315CF7 /* Chronospect-Prefix.pch */ = {isa = PBXFileReference; lastKnownFileType = sourcecode.c.h; path = "Chronospect-Prefix.pch"; sourceTree = "<group>"; };
		495CED951929513E00315CF7 /* AppDelegate.h */ = {isa = PBXFileReference; lastKnownFileType = sourcecode.c.h; path = AppDelegate.h; sourceTree = "<group>"; };
		495CED961929513E00315CF7 /* AppDelegate.m */ = {isa = PBXFileReference; lastKnownFileType = sourcecode.c.objc; path = AppDelegate.m; sourceTree = "<group>"; };
		495CED991929513F00315CF7 /* Base */ = {isa = PBXFileReference; lastKnownFileType = file.storyboard; name = Base; path = Base.lproj/Main.storyboard; sourceTree = "<group>"; };
		495CED9B1929513F00315CF7 /* LoginViewController.h */ = {isa = PBXFileReference; lastKnownFileType = sourcecode.c.h; path = LoginViewController.h; sourceTree = "<group>"; };
		495CED9C1929513F00315CF7 /* LoginViewController.m */ = {isa = PBXFileReference; lastKnownFileType = sourcecode.c.objc; path = LoginViewController.m; sourceTree = "<group>"; };
		495CED9E1929513F00315CF7 /* Images.xcassets */ = {isa = PBXFileReference; lastKnownFileType = folder.assetcatalog; path = Images.xcassets; sourceTree = "<group>"; };
		495CEDA41929513F00315CF7 /* ChronospectTests.xctest */ = {isa = PBXFileReference; explicitFileType = wrapper.cfbundle; includeInIndex = 0; path = ChronospectTests.xctest; sourceTree = BUILT_PRODUCTS_DIR; };
		495CEDA51929513F00315CF7 /* XCTest.framework */ = {isa = PBXFileReference; lastKnownFileType = wrapper.framework; name = XCTest.framework; path = Library/Frameworks/XCTest.framework; sourceTree = DEVELOPER_DIR; };
		495CEDAD1929513F00315CF7 /* ChronospectTests-Info.plist */ = {isa = PBXFileReference; lastKnownFileType = text.plist.xml; path = "ChronospectTests-Info.plist"; sourceTree = "<group>"; };
		495CEDAF1929513F00315CF7 /* en */ = {isa = PBXFileReference; lastKnownFileType = text.plist.strings; name = en; path = en.lproj/InfoPlist.strings; sourceTree = "<group>"; };
		495CEDB11929513F00315CF7 /* ChronospectTests.m */ = {isa = PBXFileReference; lastKnownFileType = sourcecode.c.objc; path = ChronospectTests.m; sourceTree = "<group>"; };
		495CEDCF19295FF200315CF7 /* chronospect.png */ = {isa = PBXFileReference; lastKnownFileType = image.png; path = chronospect.png; sourceTree = "<group>"; };
		498191D11950FF74002FDEA6 /* FindFriendsTableViewController.h */ = {isa = PBXFileReference; fileEncoding = 4; lastKnownFileType = sourcecode.c.h; path = FindFriendsTableViewController.h; sourceTree = "<group>"; };
		498191D21950FF74002FDEA6 /* FindFriendsTableViewController.m */ = {isa = PBXFileReference; fileEncoding = 4; lastKnownFileType = sourcecode.c.objc; path = FindFriendsTableViewController.m; sourceTree = "<group>"; };
		498191D41951033A002FDEA6 /* FriendCell.h */ = {isa = PBXFileReference; fileEncoding = 4; lastKnownFileType = sourcecode.c.h; path = FriendCell.h; sourceTree = "<group>"; };
		498191D51951033A002FDEA6 /* FriendCell.m */ = {isa = PBXFileReference; fileEncoding = 4; lastKnownFileType = sourcecode.c.objc; path = FriendCell.m; sourceTree = "<group>"; };
		499B42D31954271D000EC20A /* chat.png */ = {isa = PBXFileReference; lastKnownFileType = image.png; path = chat.png; sourceTree = "<group>"; };
		499B42D6195512C2000EC20A /* MessagingViewController.h */ = {isa = PBXFileReference; fileEncoding = 4; lastKnownFileType = sourcecode.c.h; path = MessagingViewController.h; sourceTree = "<group>"; };
		499B42D7195512C2000EC20A /* MessagingViewController.m */ = {isa = PBXFileReference; fileEncoding = 4; lastKnownFileType = sourcecode.c.objc; path = MessagingViewController.m; sourceTree = "<group>"; };
		499B42D9195512E1000EC20A /* MessagingTableViewCell.h */ = {isa = PBXFileReference; fileEncoding = 4; lastKnownFileType = sourcecode.c.h; path = MessagingTableViewCell.h; sourceTree = "<group>"; };
		499B42DA195512E1000EC20A /* MessagingTableViewCell.m */ = {isa = PBXFileReference; fileEncoding = 4; lastKnownFileType = sourcecode.c.objc; path = MessagingTableViewCell.m; sourceTree = "<group>"; };
		49A22DCB193ECBD4007DF3B3 /* PostDescriptionViewController.h */ = {isa = PBXFileReference; fileEncoding = 4; lastKnownFileType = sourcecode.c.h; path = PostDescriptionViewController.h; sourceTree = "<group>"; };
		49A22DCC193ECBD4007DF3B3 /* PostDescriptionViewController.m */ = {isa = PBXFileReference; fileEncoding = 4; lastKnownFileType = sourcecode.c.objc; path = PostDescriptionViewController.m; sourceTree = "<group>"; };
		49A22DCE193ECEB9007DF3B3 /* GoogleMaps.framework */ = {isa = PBXFileReference; lastKnownFileType = wrapper.framework; path = GoogleMaps.framework; sourceTree = "<group>"; };
		49A22DD5193ECF34007DF3B3 /* GoogleMaps.bundle */ = {isa = PBXFileReference; lastKnownFileType = "wrapper.plug-in"; name = GoogleMaps.bundle; path = GoogleMaps.framework/Versions/A/Resources/GoogleMaps.bundle; sourceTree = SOURCE_ROOT; };
		49A22DD7193ECF52007DF3B3 /* AVFoundation.framework */ = {isa = PBXFileReference; lastKnownFileType = wrapper.framework; name = AVFoundation.framework; path = System/Library/Frameworks/AVFoundation.framework; sourceTree = SDKROOT; };
		49A22DD9193ECF59007DF3B3 /* CoreData.framework */ = {isa = PBXFileReference; lastKnownFileType = wrapper.framework; name = CoreData.framework; path = System/Library/Frameworks/CoreData.framework; sourceTree = SDKROOT; };
		49A22DDB193ECF63007DF3B3 /* CoreText.framework */ = {isa = PBXFileReference; lastKnownFileType = wrapper.framework; name = CoreText.framework; path = System/Library/Frameworks/CoreText.framework; sourceTree = SDKROOT; };
		49A22DDD193ECF6B007DF3B3 /* GLKit.framework */ = {isa = PBXFileReference; lastKnownFileType = wrapper.framework; name = GLKit.framework; path = System/Library/Frameworks/GLKit.framework; sourceTree = SDKROOT; };
		49A22DDF193ECF75007DF3B3 /* ImageIO.framework */ = {isa = PBXFileReference; lastKnownFileType = wrapper.framework; name = ImageIO.framework; path = System/Library/Frameworks/ImageIO.framework; sourceTree = SDKROOT; };
		49A22DE1193ECF7E007DF3B3 /* libc++.dylib */ = {isa = PBXFileReference; lastKnownFileType = "compiled.mach-o.dylib"; name = "libc++.dylib"; path = "usr/lib/libc++.dylib"; sourceTree = SDKROOT; };
		49A22DE3193ECF91007DF3B3 /* libicucore.dylib */ = {isa = PBXFileReference; lastKnownFileType = "compiled.mach-o.dylib"; name = libicucore.dylib; path = usr/lib/libicucore.dylib; sourceTree = SDKROOT; };
		49A22DE5193ECF9A007DF3B3 /* OpenGLES.framework */ = {isa = PBXFileReference; lastKnownFileType = wrapper.framework; name = OpenGLES.framework; path = System/Library/Frameworks/OpenGLES.framework; sourceTree = SDKROOT; };
		49A22DE7193ED018007DF3B3 /* PostLocationViewController.h */ = {isa = PBXFileReference; fileEncoding = 4; lastKnownFileType = sourcecode.c.h; path = PostLocationViewController.h; sourceTree = "<group>"; };
		49A22DE8193ED018007DF3B3 /* PostLocationViewController.m */ = {isa = PBXFileReference; fileEncoding = 4; lastKnownFileType = sourcecode.c.objc; path = PostLocationViewController.m; sourceTree = "<group>"; };
		49A22DEC193ED315007DF3B3 /* FacebookSDK.framework */ = {isa = PBXFileReference; lastKnownFileType = wrapper.framework; name = FacebookSDK.framework; path = ../../FacebookSDK/FacebookSDK.framework; sourceTree = "<group>"; };
		49A22DEE193ED34A007DF3B3 /* Social.framework */ = {isa = PBXFileReference; lastKnownFileType = wrapper.framework; name = Social.framework; path = System/Library/Frameworks/Social.framework; sourceTree = SDKROOT; };
		49B81F2019316E48005265E7 /* logout.png */ = {isa = PBXFileReference; lastKnownFileType = image.png; path = logout.png; sourceTree = "<group>"; };
		49B81F2619316F36005265E7 /* invites.png */ = {isa = PBXFileReference; lastKnownFileType = image.png; path = invites.png; sourceTree = "<group>"; };
		49B81F2819316F5F005265E7 /* info.png */ = {isa = PBXFileReference; lastKnownFileType = image.png; path = info.png; sourceTree = "<group>"; };
		49B81F2A19316FC2005265E7 /* wall.png */ = {isa = PBXFileReference; lastKnownFileType = image.png; path = wall.png; sourceTree = "<group>"; };
		49B81F2C19316FF1005265E7 /* friends.png */ = {isa = PBXFileReference; lastKnownFileType = image.png; path = friends.png; sourceTree = "<group>"; };
		49B81F2E19317000005265E7 /* account.png */ = {isa = PBXFileReference; lastKnownFileType = image.png; path = account.png; sourceTree = "<group>"; };
		49CEFC8C192E7CEC000C91B8 /* SlideNavigationTableViewCell.h */ = {isa = PBXFileReference; fileEncoding = 4; lastKnownFileType = sourcecode.c.h; path = SlideNavigationTableViewCell.h; sourceTree = "<group>"; };
		49CEFC8D192E7CEC000C91B8 /* SlideNavigationTableViewCell.m */ = {isa = PBXFileReference; fileEncoding = 4; lastKnownFileType = sourcecode.c.objc; path = SlideNavigationTableViewCell.m; sourceTree = "<group>"; };
		49DD094A19540EF90066160F /* menu-old.png */ = {isa = PBXFileReference; lastKnownFileType = image.png; path = "menu-old.png"; sourceTree = "<group>"; };
		49DD094C19540F2F0066160F /* menu.png */ = {isa = PBXFileReference; lastKnownFileType = image.png; path = menu.png; sourceTree = "<group>"; };
		49DD094D19540F2F0066160F /* menu@2x.png */ = {isa = PBXFileReference; lastKnownFileType = image.png; path = "menu@2x.png"; sourceTree = "<group>"; };
/* End PBXFileReference section */

/* Begin PBXFrameworksBuildPhase section */
		495CED801929513E00315CF7 /* Frameworks */ = {
			isa = PBXFrameworksBuildPhase;
			buildActionMask = 2147483647;
			files = (
				49A22DEF193ED34A007DF3B3 /* Social.framework in Frameworks */,
				49A22DE6193ECF9A007DF3B3 /* OpenGLES.framework in Frameworks */,
				49A22DE4193ECF91007DF3B3 /* libicucore.dylib in Frameworks */,
				49A22DE2193ECF7E007DF3B3 /* libc++.dylib in Frameworks */,
				49A22DE0193ECF75007DF3B3 /* ImageIO.framework in Frameworks */,
				49A22DDE193ECF6B007DF3B3 /* GLKit.framework in Frameworks */,
				49A22DED193ED315007DF3B3 /* FacebookSDK.framework in Frameworks */,
				49A22DDC193ECF63007DF3B3 /* CoreText.framework in Frameworks */,
				49A22DDA193ECF59007DF3B3 /* CoreData.framework in Frameworks */,
				49A22DD8193ECF52007DF3B3 /* AVFoundation.framework in Frameworks */,
				490C8AC6192AB7A8000E396E /* SystemConfiguration.framework in Frameworks */,
				490C8AC4192AB7A1000E396E /* StoreKit.framework in Frameworks */,
				490C8AC2192AB79B000E396E /* Security.framework in Frameworks */,
				49A22DCF193ECEB9007DF3B3 /* GoogleMaps.framework in Frameworks */,
				490C8AC0192AB795000E396E /* QuartzCore.framework in Frameworks */,
				490C8ABE192AB78E000E396E /* MobileCoreServices.framework in Frameworks */,
				490C8ABC192AB788000E396E /* libz.dylib in Frameworks */,
				490C8ABA192AB780000E396E /* CoreLocation.framework in Frameworks */,
				490C8AB8192AB775000E396E /* CFNetwork.framework in Frameworks */,
				490C8AB6192AB76F000E396E /* AudioToolbox.framework in Frameworks */,
				495CED891929513E00315CF7 /* CoreGraphics.framework in Frameworks */,
				495CED8B1929513E00315CF7 /* UIKit.framework in Frameworks */,
				495CED871929513E00315CF7 /* Foundation.framework in Frameworks */,
				490C8AB4192AB74D000E396E /* Parse.framework in Frameworks */,
			);
			runOnlyForDeploymentPostprocessing = 0;
		};
		495CEDA11929513F00315CF7 /* Frameworks */ = {
			isa = PBXFrameworksBuildPhase;
			buildActionMask = 2147483647;
			files = (
				495CEDA61929513F00315CF7 /* XCTest.framework in Frameworks */,
				495CEDA81929513F00315CF7 /* UIKit.framework in Frameworks */,
				495CEDA71929513F00315CF7 /* Foundation.framework in Frameworks */,
			);
			runOnlyForDeploymentPostprocessing = 0;
		};
/* End PBXFrameworksBuildPhase section */

/* Begin PBXGroup section */
		491678D21953E59F0077D222 /* SWRevealViewController */ = {
			isa = PBXGroup;
			children = (
				491678D31953E59F0077D222 /* SWRevealViewController.h */,
				491678D41953E59F0077D222 /* SWRevealViewController.m */,
			);
			path = SWRevealViewController;
			sourceTree = "<group>";
		};
		491C8FB819296791008EEDA4 /* Images */ = {
			isa = PBXGroup;
			children = (
				491678661953D6CD0077D222 /* blank-avatar.jpg */,
				495CEDCF19295FF200315CF7 /* chronospect.png */,
				494F1FA4194D753400633371 /* login-background.png */,
				495CEDBE19295E7600315CF7 /* Icons */,
			);
			name = Images;
			sourceTree = "<group>";
		};
		495CED7A1929513E00315CF7 = {
			isa = PBXGroup;
			children = (
				495CED8C1929513E00315CF7 /* Chronospect */,
				495CEDAB1929513F00315CF7 /* ChronospectTests */,
				495CED851929513E00315CF7 /* Frameworks */,
				495CED841929513E00315CF7 /* Products */,
			);
			sourceTree = "<group>";
		};
		495CED841929513E00315CF7 /* Products */ = {
			isa = PBXGroup;
			children = (
				495CED831929513E00315CF7 /* Chronospect.app */,
				495CEDA41929513F00315CF7 /* ChronospectTests.xctest */,
			);
			name = Products;
			sourceTree = "<group>";
		};
		495CED851929513E00315CF7 /* Frameworks */ = {
			isa = PBXGroup;
			children = (
				49A22DEE193ED34A007DF3B3 /* Social.framework */,
				49A22DEC193ED315007DF3B3 /* FacebookSDK.framework */,
				49A22DE5193ECF9A007DF3B3 /* OpenGLES.framework */,
				49A22DDF193ECF75007DF3B3 /* ImageIO.framework */,
				49A22DDD193ECF6B007DF3B3 /* GLKit.framework */,
				49A22DDB193ECF63007DF3B3 /* CoreText.framework */,
				49A22DD9193ECF59007DF3B3 /* CoreData.framework */,
				49A22DD7193ECF52007DF3B3 /* AVFoundation.framework */,
				49A22DCE193ECEB9007DF3B3 /* GoogleMaps.framework */,
				490C8AC5192AB7A8000E396E /* SystemConfiguration.framework */,
				490C8AC3192AB7A1000E396E /* StoreKit.framework */,
				490C8AC1192AB79B000E396E /* Security.framework */,
				490C8ABF192AB795000E396E /* QuartzCore.framework */,
				490C8ABD192AB78E000E396E /* MobileCoreServices.framework */,
				490C8AB9192AB780000E396E /* CoreLocation.framework */,
				490C8AB7192AB775000E396E /* CFNetwork.framework */,
				490C8AB5192AB76F000E396E /* AudioToolbox.framework */,
				490C8AB3192AB74D000E396E /* Parse.framework */,
				495CED861929513E00315CF7 /* Foundation.framework */,
				495CED881929513E00315CF7 /* CoreGraphics.framework */,
				495CED8A1929513E00315CF7 /* UIKit.framework */,
				495CEDA51929513F00315CF7 /* XCTest.framework */,
				49A22DE3193ECF91007DF3B3 /* libicucore.dylib */,
				49A22DE1193ECF7E007DF3B3 /* libc++.dylib */,
				490C8ABB192AB788000E396E /* libz.dylib */,
			);
			name = Frameworks;
			sourceTree = "<group>";
		};
		495CED8C1929513E00315CF7 /* Chronospect */ = {
			isa = PBXGroup;
			children = (
				495CED981929513F00315CF7 /* Main.storyboard */,
				490C8AAC1929F62F000E396E /* RegisterViewController.h */,
				490C8AAD1929F62F000E396E /* RegisterViewController.m */,
				490C8AA91929EC74000E396E /* TabViewController.h */,
				490C8AAA1929EC74000E396E /* TabViewController.m */,
				490C8AA61929EB5D000E396E /* SlideNavigationTableViewController.h */,
				490C8AA71929EB5D000E396E /* SlideNavigationTableViewController.m */,
				498191D11950FF74002FDEA6 /* FindFriendsTableViewController.h */,
				498191D21950FF74002FDEA6 /* FindFriendsTableViewController.m */,
				499B42D6195512C2000EC20A /* MessagingViewController.h */,
				499B42D7195512C2000EC20A /* MessagingViewController.m */,
				491678D81953EAB20077D222 /* MainNavigationViewController.h */,
				491678D91953EAB20077D222 /* MainNavigationViewController.m */,
				4916786B1953D8730077D222 /* ProfileViewController.h */,
				4916786C1953D8730077D222 /* ProfileViewController.m */,
				495CED9B1929513F00315CF7 /* LoginViewController.h */,
				495CED9C1929513F00315CF7 /* LoginViewController.m */,
				49A22DCB193ECBD4007DF3B3 /* PostDescriptionViewController.h */,
				49A22DCC193ECBD4007DF3B3 /* PostDescriptionViewController.m */,
				49A22DE7193ED018007DF3B3 /* PostLocationViewController.h */,
				49A22DE8193ED018007DF3B3 /* PostLocationViewController.m */,
				491C8FBC192981B6008EEDA4 /* GetStartedViewController.h */,
				491C8FBD192981B6008EEDA4 /* GetStartedViewController.m */,
				491678DB19540A1C0077D222 /* WallViewController.h */,
				491678DC19540A1C0077D222 /* WallViewController.m */,
				494C0A8319541BFA00D2A76B /* InvitesViewController.h */,
				494C0A8419541BFA00D2A76B /* InvitesViewController.m */,
				494C0A7D19541B1700D2A76B /* MyProfileViewController.h */,
				494C0A7E19541B1700D2A76B /* MyProfileViewController.m */,
				494C0A8019541B4100D2A76B /* MyAccountViewController.h */,
				494C0A8119541B4100D2A76B /* MyAccountViewController.m */,
				49CEFC8C192E7CEC000C91B8 /* SlideNavigationTableViewCell.h */,
				49CEFC8D192E7CEC000C91B8 /* SlideNavigationTableViewCell.m */,
				498191D41951033A002FDEA6 /* FriendCell.h */,
				498191D51951033A002FDEA6 /* FriendCell.m */,
				499B42D9195512E1000EC20A /* MessagingTableViewCell.h */,
				499B42DA195512E1000EC20A /* MessagingTableViewCell.m */,
				495CEDBD19295E6E00315CF7 /* Resources */,
				495CED8D1929513E00315CF7 /* Supporting Files */,
			);
			path = Chronospect;
			sourceTree = "<group>";
		};
		495CED8D1929513E00315CF7 /* Supporting Files */ = {
			isa = PBXGroup;
			children = (
				495CED9E1929513F00315CF7 /* Images.xcassets */,
				495CED951929513E00315CF7 /* AppDelegate.h */,
				495CED961929513E00315CF7 /* AppDelegate.m */,
				495CED8E1929513E00315CF7 /* Chronospect-Info.plist */,
				495CED8F1929513E00315CF7 /* InfoPlist.strings */,
				495CED921929513E00315CF7 /* main.m */,
				495CED941929513E00315CF7 /* Chronospect-Prefix.pch */,
			);
			name = "Supporting Files";
			sourceTree = "<group>";
		};
		495CEDAB1929513F00315CF7 /* ChronospectTests */ = {
			isa = PBXGroup;
			children = (
				495CEDB11929513F00315CF7 /* ChronospectTests.m */,
				495CEDAC1929513F00315CF7 /* Supporting Files */,
			);
			path = ChronospectTests;
			sourceTree = "<group>";
		};
		495CEDAC1929513F00315CF7 /* Supporting Files */ = {
			isa = PBXGroup;
			children = (
				495CEDAD1929513F00315CF7 /* ChronospectTests-Info.plist */,
				495CEDAE1929513F00315CF7 /* InfoPlist.strings */,
			);
			name = "Supporting Files";
			sourceTree = "<group>";
		};
		495CEDBD19295E6E00315CF7 /* Resources */ = {
			isa = PBXGroup;
			children = (
				49A22DD4193ECF11007DF3B3 /* Frameworks */,
				491C8FB819296791008EEDA4 /* Images */,
			);
			name = Resources;
			sourceTree = "<group>";
		};
		495CEDBE19295E7600315CF7 /* Icons */ = {
			isa = PBXGroup;
			children = (
				499B42D31954271D000EC20A /* chat.png */,
				49B81F2A19316FC2005265E7 /* wall.png */,
				49B81F2819316F5F005265E7 /* info.png */,
				49B81F2619316F36005265E7 /* invites.png */,
				49DD094A19540EF90066160F /* menu-old.png */,
				49DD094C19540F2F0066160F /* menu.png */,
				49DD094D19540F2F0066160F /* menu@2x.png */,
				49B81F2019316E48005265E7 /* logout.png */,
				49B81F2C19316FF1005265E7 /* friends.png */,
				49B81F2E19317000005265E7 /* account.png */,
				494C0A8619541F8F00D2A76B /* profile.png */,
			);
			name = Icons;
			sourceTree = "<group>";
		};
		49A22DD4193ECF11007DF3B3 /* Frameworks */ = {
			isa = PBXGroup;
			children = (
				491678D21953E59F0077D222 /* SWRevealViewController */,
				49A22DD5193ECF34007DF3B3 /* GoogleMaps.bundle */,
			);
			name = Frameworks;
			sourceTree = "<group>";
		};
/* End PBXGroup section */

/* Begin PBXNativeTarget section */
		495CED821929513E00315CF7 /* Chronospect */ = {
			isa = PBXNativeTarget;
			buildConfigurationList = 495CEDB51929513F00315CF7 /* Build configuration list for PBXNativeTarget "Chronospect" */;
			buildPhases = (
				495CED7F1929513E00315CF7 /* Sources */,
				495CED801929513E00315CF7 /* Frameworks */,
				495CED811929513E00315CF7 /* Resources */,
			);
			buildRules = (
			);
			dependencies = (
			);
			name = Chronospect;
			productName = Chronospect;
			productReference = 495CED831929513E00315CF7 /* Chronospect.app */;
			productType = "com.apple.product-type.application";
		};
		495CEDA31929513F00315CF7 /* ChronospectTests */ = {
			isa = PBXNativeTarget;
			buildConfigurationList = 495CEDB81929513F00315CF7 /* Build configuration list for PBXNativeTarget "ChronospectTests" */;
			buildPhases = (
				495CEDA01929513F00315CF7 /* Sources */,
				495CEDA11929513F00315CF7 /* Frameworks */,
				495CEDA21929513F00315CF7 /* Resources */,
			);
			buildRules = (
			);
			dependencies = (
				495CEDAA1929513F00315CF7 /* PBXTargetDependency */,
			);
			name = ChronospectTests;
			productName = ChronospectTests;
			productReference = 495CEDA41929513F00315CF7 /* ChronospectTests.xctest */;
			productType = "com.apple.product-type.bundle.unit-test";
		};
/* End PBXNativeTarget section */

/* Begin PBXProject section */
		495CED7B1929513E00315CF7 /* Project object */ = {
			isa = PBXProject;
			attributes = {
				LastUpgradeCheck = 0510;
				ORGANIZATIONNAME = "Andrew Morgan";
				TargetAttributes = {
					495CED821929513E00315CF7 = {
						DevelopmentTeam = GH8FNE3Q82;
					};
					495CEDA31929513F00315CF7 = {
						TestTargetID = 495CED821929513E00315CF7;
					};
				};
			};
			buildConfigurationList = 495CED7E1929513E00315CF7 /* Build configuration list for PBXProject "Chronospect" */;
			compatibilityVersion = "Xcode 3.2";
			developmentRegion = English;
			hasScannedForEncodings = 0;
			knownRegions = (
				en,
				Base,
			);
			mainGroup = 495CED7A1929513E00315CF7;
			productRefGroup = 495CED841929513E00315CF7 /* Products */;
			projectDirPath = "";
			projectRoot = "";
			targets = (
				495CED821929513E00315CF7 /* Chronospect */,
				495CEDA31929513F00315CF7 /* ChronospectTests */,
			);
		};
/* End PBXProject section */

/* Begin PBXResourcesBuildPhase section */
		495CED811929513E00315CF7 /* Resources */ = {
			isa = PBXResourcesBuildPhase;
			buildActionMask = 2147483647;
			files = (
				499B42D41954271D000EC20A /* chat.png in Resources */,
				49DD094F19540F2F0066160F /* menu@2x.png in Resources */,
				49A22DD6193ECF34007DF3B3 /* GoogleMaps.bundle in Resources */,
				49B81F2919316F5F005265E7 /* info.png in Resources */,
				491678671953D6CD0077D222 /* blank-avatar.jpg in Resources */,
				49B81F2B19316FC2005265E7 /* wall.png in Resources */,
				494F1FA5194D753400633371 /* login-background.png in Resources */,
				495CEDD019295FF200315CF7 /* chronospect.png in Resources */,
				495CED9F1929513F00315CF7 /* Images.xcassets in Resources */,
				49DD094B19540EF90066160F /* menu-old.png in Resources */,
				495CED911929513E00315CF7 /* InfoPlist.strings in Resources */,
				49B81F2119316E48005265E7 /* logout.png in Resources */,
				49B81F2D19316FF1005265E7 /* friends.png in Resources */,
				494C0A8719541F8F00D2A76B /* profile.png in Resources */,
				49DD094E19540F2F0066160F /* menu.png in Resources */,
				495CED9A1929513F00315CF7 /* Main.storyboard in Resources */,
				49B81F2719316F36005265E7 /* invites.png in Resources */,
				49B81F2F19317000005265E7 /* account.png in Resources */,
			);
			runOnlyForDeploymentPostprocessing = 0;
		};
		495CEDA21929513F00315CF7 /* Resources */ = {
			isa = PBXResourcesBuildPhase;
			buildActionMask = 2147483647;
			files = (
				495CEDB01929513F00315CF7 /* InfoPlist.strings in Resources */,
			);
			runOnlyForDeploymentPostprocessing = 0;
		};
/* End PBXResourcesBuildPhase section */

/* Begin PBXSourcesBuildPhase section */
		495CED7F1929513E00315CF7 /* Sources */ = {
			isa = PBXSourcesBuildPhase;
			buildActionMask = 2147483647;
			files = (
				495CED9D1929513F00315CF7 /* LoginViewController.m in Sources */,
				499B42DB195512E1000EC20A /* MessagingTableViewCell.m in Sources */,
				495CED971929513E00315CF7 /* AppDelegate.m in Sources */,
				491678D51953E59F0077D222 /* SWRevealViewController.m in Sources */,
				49A22DE9193ED018007DF3B3 /* PostLocationViewController.m in Sources */,
				49CEFC8E192E7CEC000C91B8 /* SlideNavigationTableViewCell.m in Sources */,
				499B42D8195512C2000EC20A /* MessagingViewController.m in Sources */,
				494C0A8519541BFA00D2A76B /* InvitesViewController.m in Sources */,
				4916786D1953D8730077D222 /* ProfileViewController.m in Sources */,
				49A22DCD193ECBD4007DF3B3 /* PostDescriptionViewController.m in Sources */,
				495CED931929513E00315CF7 /* main.m in Sources */,
				494C0A8219541B4100D2A76B /* MyAccountViewController.m in Sources */,
				491678DA1953EAB20077D222 /* MainNavigationViewController.m in Sources */,
				498191D61951033A002FDEA6 /* FriendCell.m in Sources */,
				491C8FBE192981B6008EEDA4 /* GetStartedViewController.m in Sources */,
				498191D31950FF74002FDEA6 /* FindFriendsTableViewController.m in Sources */,
				490C8AAB1929EC74000E396E /* TabViewController.m in Sources */,
				490C8AA81929EB5D000E396E /* SlideNavigationTableViewController.m in Sources */,
				491678DD19540A1C0077D222 /* WallViewController.m in Sources */,
				490C8AAE1929F62F000E396E /* RegisterViewController.m in Sources */,
				494C0A7F19541B1700D2A76B /* MyProfileViewController.m in Sources */,
			);
			runOnlyForDeploymentPostprocessing = 0;
		};
		495CEDA01929513F00315CF7 /* Sources */ = {
			isa = PBXSourcesBuildPhase;
			buildActionMask = 2147483647;
			files = (
				495CEDB21929513F00315CF7 /* ChronospectTests.m in Sources */,
			);
			runOnlyForDeploymentPostprocessing = 0;
		};
/* End PBXSourcesBuildPhase section */

/* Begin PBXTargetDependency section */
		495CEDAA1929513F00315CF7 /* PBXTargetDependency */ = {
			isa = PBXTargetDependency;
			target = 495CED821929513E00315CF7 /* Chronospect */;
			targetProxy = 495CEDA91929513F00315CF7 /* PBXContainerItemProxy */;
		};
/* End PBXTargetDependency section */

/* Begin PBXVariantGroup section */
		495CED8F1929513E00315CF7 /* InfoPlist.strings */ = {
			isa = PBXVariantGroup;
			children = (
				495CED901929513E00315CF7 /* en */,
			);
			name = InfoPlist.strings;
			sourceTree = "<group>";
		};
		495CED981929513F00315CF7 /* Main.storyboard */ = {
			isa = PBXVariantGroup;
			children = (
				495CED991929513F00315CF7 /* Base */,
			);
			name = Main.storyboard;
			sourceTree = "<group>";
		};
		495CEDAE1929513F00315CF7 /* InfoPlist.strings */ = {
			isa = PBXVariantGroup;
			children = (
				495CEDAF1929513F00315CF7 /* en */,
			);
			name = InfoPlist.strings;
			sourceTree = "<group>";
		};
/* End PBXVariantGroup section */

/* Begin XCBuildConfiguration section */
		495CEDB31929513F00315CF7 /* Debug */ = {
			isa = XCBuildConfiguration;
			buildSettings = {
				ALWAYS_SEARCH_USER_PATHS = NO;
				CLANG_CXX_LANGUAGE_STANDARD = "gnu++0x";
				CLANG_CXX_LIBRARY = "libc++";
				CLANG_ENABLE_MODULES = YES;
				CLANG_ENABLE_OBJC_ARC = YES;
				CLANG_WARN_BOOL_CONVERSION = YES;
				CLANG_WARN_CONSTANT_CONVERSION = YES;
				CLANG_WARN_DIRECT_OBJC_ISA_USAGE = YES_ERROR;
				CLANG_WARN_EMPTY_BODY = YES;
				CLANG_WARN_ENUM_CONVERSION = YES;
				CLANG_WARN_INT_CONVERSION = YES;
				CLANG_WARN_OBJC_ROOT_CLASS = YES_ERROR;
				CLANG_WARN__DUPLICATE_METHOD_MATCH = YES;
				"CODE_SIGN_IDENTITY[sdk=iphoneos*]" = "iPhone Developer";
				COPY_PHASE_STRIP = NO;
				GCC_C_LANGUAGE_STANDARD = gnu99;
				GCC_DYNAMIC_NO_PIC = NO;
				GCC_OPTIMIZATION_LEVEL = 0;
				GCC_PREPROCESSOR_DEFINITIONS = (
					"DEBUG=1",
					"$(inherited)",
				);
				GCC_SYMBOLS_PRIVATE_EXTERN = NO;
				GCC_WARN_64_TO_32_BIT_CONVERSION = YES;
				GCC_WARN_ABOUT_RETURN_TYPE = YES_ERROR;
				GCC_WARN_UNDECLARED_SELECTOR = YES;
				GCC_WARN_UNINITIALIZED_AUTOS = YES_AGGRESSIVE;
				GCC_WARN_UNUSED_FUNCTION = YES;
				GCC_WARN_UNUSED_VARIABLE = YES;
				IPHONEOS_DEPLOYMENT_TARGET = 7.1;
				ONLY_ACTIVE_ARCH = YES;
				OTHER_LDFLAGS = "-ObjC";
				SDKROOT = iphoneos;
			};
			name = Debug;
		};
		495CEDB41929513F00315CF7 /* Release */ = {
			isa = XCBuildConfiguration;
			buildSettings = {
				ALWAYS_SEARCH_USER_PATHS = NO;
				CLANG_CXX_LANGUAGE_STANDARD = "gnu++0x";
				CLANG_CXX_LIBRARY = "libc++";
				CLANG_ENABLE_MODULES = YES;
				CLANG_ENABLE_OBJC_ARC = YES;
				CLANG_WARN_BOOL_CONVERSION = YES;
				CLANG_WARN_CONSTANT_CONVERSION = YES;
				CLANG_WARN_DIRECT_OBJC_ISA_USAGE = YES_ERROR;
				CLANG_WARN_EMPTY_BODY = YES;
				CLANG_WARN_ENUM_CONVERSION = YES;
				CLANG_WARN_INT_CONVERSION = YES;
				CLANG_WARN_OBJC_ROOT_CLASS = YES_ERROR;
				CLANG_WARN__DUPLICATE_METHOD_MATCH = YES;
				"CODE_SIGN_IDENTITY[sdk=iphoneos*]" = "iPhone Developer";
				COPY_PHASE_STRIP = YES;
				ENABLE_NS_ASSERTIONS = NO;
				GCC_C_LANGUAGE_STANDARD = gnu99;
				GCC_WARN_64_TO_32_BIT_CONVERSION = YES;
				GCC_WARN_ABOUT_RETURN_TYPE = YES_ERROR;
				GCC_WARN_UNDECLARED_SELECTOR = YES;
				GCC_WARN_UNINITIALIZED_AUTOS = YES_AGGRESSIVE;
				GCC_WARN_UNUSED_FUNCTION = YES;
				GCC_WARN_UNUSED_VARIABLE = YES;
				IPHONEOS_DEPLOYMENT_TARGET = 7.1;
				OTHER_LDFLAGS = "-ObjC";
				SDKROOT = iphoneos;
				VALIDATE_PRODUCT = YES;
			};
			name = Release;
		};
		495CEDB61929513F00315CF7 /* Debug */ = {
			isa = XCBuildConfiguration;
			buildSettings = {
				ASSETCATALOG_COMPILER_APPICON_NAME = AppIcon;
				ASSETCATALOG_COMPILER_LAUNCHIMAGE_NAME = LaunchImage;
				CODE_SIGN_IDENTITY = "iPhone Developer";
				"CODE_SIGN_IDENTITY[sdk=iphoneos*]" = "iPhone Developer";
				FRAMEWORK_SEARCH_PATHS = (
					"$(inherited)",
					"$(PROJECT_DIR)",
					/Users/andrew/Documents/FacebookSDK,
				);
				GCC_PRECOMPILE_PREFIX_HEADER = YES;
				GCC_PREFIX_HEADER = "Chronospect/Chronospect-Prefix.pch";
				INFOPLIST_FILE = "Chronospect/Chronospect-Info.plist";
				IPHONEOS_DEPLOYMENT_TARGET = 7.0;
				OTHER_LDFLAGS = (
					"-framework",
					QuartzCore,
					"-ObjC",
				);
				PRODUCT_NAME = "$(TARGET_NAME)";
				PROVISIONING_PROFILE = "";
				WRAPPER_EXTENSION = app;
			};
			name = Debug;
		};
		495CEDB71929513F00315CF7 /* Release */ = {
			isa = XCBuildConfiguration;
			buildSettings = {
				ASSETCATALOG_COMPILER_APPICON_NAME = AppIcon;
				ASSETCATALOG_COMPILER_LAUNCHIMAGE_NAME = LaunchImage;
				CODE_SIGN_IDENTITY = "iPhone Developer";
				"CODE_SIGN_IDENTITY[sdk=iphoneos*]" = "iPhone Developer";
				FRAMEWORK_SEARCH_PATHS = (
					"$(inherited)",
					"$(PROJECT_DIR)",
					/Users/andrew/Documents/FacebookSDK,
				);
				GCC_PRECOMPILE_PREFIX_HEADER = YES;
				GCC_PREFIX_HEADER = "Chronospect/Chronospect-Prefix.pch";
				INFOPLIST_FILE = "Chronospect/Chronospect-Info.plist";
				IPHONEOS_DEPLOYMENT_TARGET = 7.0;
				OTHER_LDFLAGS = (
					"-framework",
					QuartzCore,
					"-ObjC",
				);
				PRODUCT_NAME = "$(TARGET_NAME)";
				PROVISIONING_PROFILE = "";
				WRAPPER_EXTENSION = app;
			};
			name = Release;
		};
		495CEDB91929513F00315CF7 /* Debug */ = {
			isa = XCBuildConfiguration;
			buildSettings = {
				BUNDLE_LOADER = "$(BUILT_PRODUCTS_DIR)/Chronospect.app/Chronospect";
				FRAMEWORK_SEARCH_PATHS = (
					"$(SDKROOT)/Developer/Library/Frameworks",
					"$(inherited)",
					"$(DEVELOPER_FRAMEWORKS_DIR)",
				);
				GCC_PRECOMPILE_PREFIX_HEADER = YES;
				GCC_PREFIX_HEADER = "Chronospect/Chronospect-Prefix.pch";
				GCC_PREPROCESSOR_DEFINITIONS = (
					"DEBUG=1",
					"$(inherited)",
				);
				INFOPLIST_FILE = "ChronospectTests/ChronospectTests-Info.plist";
				PRODUCT_NAME = "$(TARGET_NAME)";
				TEST_HOST = "$(BUNDLE_LOADER)";
				WRAPPER_EXTENSION = xctest;
			};
			name = Debug;
		};
		495CEDBA1929513F00315CF7 /* Release */ = {
			isa = XCBuildConfiguration;
			buildSettings = {
				BUNDLE_LOADER = "$(BUILT_PRODUCTS_DIR)/Chronospect.app/Chronospect";
				FRAMEWORK_SEARCH_PATHS = (
					"$(SDKROOT)/Developer/Library/Frameworks",
					"$(inherited)",
					"$(DEVELOPER_FRAMEWORKS_DIR)",
				);
				GCC_PRECOMPILE_PREFIX_HEADER = YES;
				GCC_PREFIX_HEADER = "Chronospect/Chronospect-Prefix.pch";
				INFOPLIST_FILE = "ChronospectTests/ChronospectTests-Info.plist";
				PRODUCT_NAME = "$(TARGET_NAME)";
				TEST_HOST = "$(BUNDLE_LOADER)";
				WRAPPER_EXTENSION = xctest;
			};
			name = Release;
		};
/* End XCBuildConfiguration section */

/* Begin XCConfigurationList section */
		495CED7E1929513E00315CF7 /* Build configuration list for PBXProject "Chronospect" */ = {
			isa = XCConfigurationList;
			buildConfigurations = (
				495CEDB31929513F00315CF7 /* Debug */,
				495CEDB41929513F00315CF7 /* Release */,
			);
			defaultConfigurationIsVisible = 0;
			defaultConfigurationName = Release;
		};
		495CEDB51929513F00315CF7 /* Build configuration list for PBXNativeTarget "Chronospect" */ = {
			isa = XCConfigurationList;
			buildConfigurations = (
				495CEDB61929513F00315CF7 /* Debug */,
				495CEDB71929513F00315CF7 /* Release */,
			);
			defaultConfigurationIsVisible = 0;
			defaultConfigurationName = Release;
		};
		495CEDB81929513F00315CF7 /* Build configuration list for PBXNativeTarget "ChronospectTests" */ = {
			isa = XCConfigurationList;
			buildConfigurations = (
				495CEDB91929513F00315CF7 /* Debug */,
				495CEDBA1929513F00315CF7 /* Release */,
			);
			defaultConfigurationIsVisible = 0;
			defaultConfigurationName = Release;
		};
/* End XCConfigurationList section */
	};
	rootObject = 495CED7B1929513E00315CF7 /* Project object */;
}
